// !$*UTF8*$!
{
	archiveVersion = 1;
	classes = {
	};
	objectVersion = 46;
	objects = {

/* Begin PBXBuildFile section */
		9E066EED17E65EBF00524961 /* condo-selected.png in Resources */ = {isa = PBXBuildFile; fileRef = 9E066EE917E65EBF00524961 /* condo-selected.png */; };
		9E066EEE17E65EBF00524961 /* condo-selected@2x.png in Resources */ = {isa = PBXBuildFile; fileRef = 9E066EEA17E65EBF00524961 /* condo-selected@2x.png */; };
		9E066EEF17E65EBF00524961 /* sfh-homeinfo-selected.png in Resources */ = {isa = PBXBuildFile; fileRef = 9E066EEB17E65EBF00524961 /* sfh-homeinfo-selected.png */; };
		9E066EF017E65EBF00524961 /* sfh-homeinfo-selected@2x.png in Resources */ = {isa = PBXBuildFile; fileRef = 9E066EEC17E65EBF00524961 /* sfh-homeinfo-selected@2x.png */; };
		9E108AA217D05CFF0071AAF4 /* help.png in Resources */ = {isa = PBXBuildFile; fileRef = 9E108AA017D05CFF0071AAF4 /* help.png */; };
		9E108AA317D05CFF0071AAF4 /* help@2x.png in Resources */ = {isa = PBXBuildFile; fileRef = 9E108AA117D05CFF0071AAF4 /* help@2x.png */; };
		9E108AAA17D05FA40071AAF4 /* dashboard.png in Resources */ = {isa = PBXBuildFile; fileRef = 9E108AA817D05FA40071AAF4 /* dashboard.png */; };
		9E108AAB17D05FA40071AAF4 /* dashboard@2x.png in Resources */ = {isa = PBXBuildFile; fileRef = 9E108AA917D05FA40071AAF4 /* dashboard@2x.png */; };
		9E108AAD17D0600F0071AAF4 /* monthlyexpenses.xib in Resources */ = {isa = PBXBuildFile; fileRef = 9E108AAC17D0600F0071AAF4 /* monthlyexpenses.xib */; };
		9E42213417D464F100F18A5C /* loaninfo.xib in Resources */ = {isa = PBXBuildFile; fileRef = 9E42213317D464F100F18A5C /* loaninfo.xib */; };
		9E718D6517DE57A900291228 /* dashboard-noinfo.xib in Resources */ = {isa = PBXBuildFile; fileRef = 9E718D6417DE57A900291228 /* dashboard-noinfo.xib */; };
		9E718D6817DE5A4C00291228 /* couple-dashboard.png in Resources */ = {isa = PBXBuildFile; fileRef = 9E718D6617DE5A4C00291228 /* couple-dashboard.png */; };
		9E718D6917DE5A4C00291228 /* couple-dashboard@2x.png in Resources */ = {isa = PBXBuildFile; fileRef = 9E718D6717DE5A4C00291228 /* couple-dashboard@2x.png */; };
		9E718D6C17DE5CE400291228 /* sfh.png in Resources */ = {isa = PBXBuildFile; fileRef = 9E718D6A17DE5CE400291228 /* sfh.png */; };
		9E718D6D17DE5CE400291228 /* sfh@2x.png in Resources */ = {isa = PBXBuildFile; fileRef = 9E718D6B17DE5CE400291228 /* sfh@2x.png */; };
		9E718D7017DE5D9B00291228 /* compare.png in Resources */ = {isa = PBXBuildFile; fileRef = 9E718D6E17DE5D9B00291228 /* compare.png */; };
		9E718D7117DE5D9B00291228 /* compare@2x.png in Resources */ = {isa = PBXBuildFile; fileRef = 9E718D6F17DE5D9B00291228 /* compare@2x.png */; };
		9E718D7417DE5E1900291228 /* lifestyle-beach.png in Resources */ = {isa = PBXBuildFile; fileRef = 9E718D7217DE5E1900291228 /* lifestyle-beach.png */; };
		9E718D7517DE5E1900291228 /* lifestyle-beach@2x.png in Resources */ = {isa = PBXBuildFile; fileRef = 9E718D7317DE5E1900291228 /* lifestyle-beach@2x.png */; };
		9E718D7717DE5E6800291228 /* dashboard-pfinfo.xib in Resources */ = {isa = PBXBuildFile; fileRef = 9E718D7617DE5E6800291228 /* dashboard-pfinfo.xib */; };
		9E821DF017CFA778007DC9BE /* kcatintro-lifestyle.xib in Resources */ = {isa = PBXBuildFile; fileRef = 9E821DEF17CFA778007DC9BE /* kcatintro-lifestyle.xib */; };
		9E821DF217CFA822007DC9BE /* kcatintro-rvb.xib in Resources */ = {isa = PBXBuildFile; fileRef = 9E821DF117CFA822007DC9BE /* kcatintro-rvb.xib */; };
		9E821DF417CFAA92007DC9BE /* aboutyou.xib in Resources */ = {isa = PBXBuildFile; fileRef = 9E821DF317CFAA92007DC9BE /* aboutyou.xib */; };
		9E8F7F9F17D8FEEC007C174A /* kcat-intro.png in Resources */ = {isa = PBXBuildFile; fileRef = 9E8F7F9D17D8FEEC007C174A /* kcat-intro.png */; };
		9E8F7FA017D8FEEC007C174A /* kcat-intro@2x.png in Resources */ = {isa = PBXBuildFile; fileRef = 9E8F7F9E17D8FEEC007C174A /* kcat-intro@2x.png */; };
		9E92962517D10D1700B3DC44 /* homeinfo.xib in Resources */ = {isa = PBXBuildFile; fileRef = 9E92962417D10D1700B3DC44 /* homeinfo.xib */; };
		9E92963317D2EF6000B3DC44 /* homeaddress.xib in Resources */ = {isa = PBXBuildFile; fileRef = 9E92963217D2EF5F00B3DC44 /* homeaddress.xib */; };
		9E92963617D2F4B400B3DC44 /* location.png in Resources */ = {isa = PBXBuildFile; fileRef = 9E92963417D2F4B400B3DC44 /* location.png */; };
		9E92963717D2F4B400B3DC44 /* location@2x.png in Resources */ = {isa = PBXBuildFile; fileRef = 9E92963517D2F4B400B3DC44 /* location@2x.png */; };
		9E97F17B17DACC98006381AE /* menu.png in Resources */ = {isa = PBXBuildFile; fileRef = 9E97F17917DACC98006381AE /* menu.png */; };
		9E97F17C17DACC98006381AE /* menu@2x.png in Resources */ = {isa = PBXBuildFile; fileRef = 9E97F17A17DACC98006381AE /* menu@2x.png */; };
		9E9C803B17DAF41C004D8669 /* children.png in Resources */ = {isa = PBXBuildFile; fileRef = 9E9C803917DAF41C004D8669 /* children.png */; };
		9E9C803C17DAF41C004D8669 /* children@2x.png in Resources */ = {isa = PBXBuildFile; fileRef = 9E9C803A17DAF41C004D8669 /* children@2x.png */; };
		9E9C804717DAF894004D8669 /* salary.png in Resources */ = {isa = PBXBuildFile; fileRef = 9E9C804517DAF894004D8669 /* salary.png */; };
		9E9C804817DAF894004D8669 /* salary@2X.png in Resources */ = {isa = PBXBuildFile; fileRef = 9E9C804617DAF894004D8669 /* salary@2X.png */; };
		9E9C804B17DAF932004D8669 /* savings.png in Resources */ = {isa = PBXBuildFile; fileRef = 9E9C804917DAF932004D8669 /* savings.png */; };
		9E9C804C17DAF932004D8669 /* savings@2X.png in Resources */ = {isa = PBXBuildFile; fileRef = 9E9C804A17DAF932004D8669 /* savings@2X.png */; };
		9E9C804F17DAFBDA004D8669 /* aboutyou.m in Sources */ = {isa = PBXBuildFile; fileRef = 9E9C804E17DAFBDA004D8669 /* aboutyou.m */; };
		9E9C805417DB02DF004D8669 /* forward-icon.png in Resources */ = {isa = PBXBuildFile; fileRef = 9E9C805217DB02DF004D8669 /* forward-icon.png */; };
		9E9C805517DB02DF004D8669 /* forward-icon@2x.png in Resources */ = {isa = PBXBuildFile; fileRef = 9E9C805317DB02DF004D8669 /* forward-icon@2x.png */; };
		9E9C805817DB02EB004D8669 /* back-icon.png in Resources */ = {isa = PBXBuildFile; fileRef = 9E9C805617DB02EB004D8669 /* back-icon.png */; };
		9E9C805917DB02EB004D8669 /* back-icon@2x.png in Resources */ = {isa = PBXBuildFile; fileRef = 9E9C805717DB02EB004D8669 /* back-icon@2x.png */; };
		9ED884ED17DE67A500EA0651 /* lifestyle-sports.png in Resources */ = {isa = PBXBuildFile; fileRef = 9ED884EB17DE67A500EA0651 /* lifestyle-sports.png */; };
		9ED884EE17DE67A500EA0651 /* lifestyle-sports@2x.png in Resources */ = {isa = PBXBuildFile; fileRef = 9ED884EC17DE67A500EA0651 /* lifestyle-sports@2x.png */; };
		9ED884F117DE680A00EA0651 /* lifestyle-shopping.png in Resources */ = {isa = PBXBuildFile; fileRef = 9ED884EF17DE680A00EA0651 /* lifestyle-shopping.png */; };
		9ED884F217DE680A00EA0651 /* lifestyle-shopping@2x.png in Resources */ = {isa = PBXBuildFile; fileRef = 9ED884F017DE680A00EA0651 /* lifestyle-shopping@2x.png */; };
		9ED884F917DE690500EA0651 /* lifestyle-music.png in Resources */ = {isa = PBXBuildFile; fileRef = 9ED884F717DE690500EA0651 /* lifestyle-music.png */; };
		9ED884FA17DE690500EA0651 /* lifestyle-music@2x.png in Resources */ = {isa = PBXBuildFile; fileRef = 9ED884F817DE690500EA0651 /* lifestyle-music@2x.png */; };
		9ED8850517DE6AD800EA0651 /* lifestyle-food.png in Resources */ = {isa = PBXBuildFile; fileRef = 9ED8850317DE6AD800EA0651 /* lifestyle-food.png */; };
		9ED8850617DE6AD800EA0651 /* lifestyle-food@2x.png in Resources */ = {isa = PBXBuildFile; fileRef = 9ED8850417DE6AD800EA0651 /* lifestyle-food@2x.png */; };
		9ED8850917DE6D8700EA0651 /* surfing.png in Resources */ = {isa = PBXBuildFile; fileRef = 9ED8850717DE6D8700EA0651 /* surfing.png */; };
		9ED8850A17DE6D8700EA0651 /* surfing@2x.png in Resources */ = {isa = PBXBuildFile; fileRef = 9ED8850817DE6D8700EA0651 /* surfing@2x.png */; };
		9EE82E6317E65DE000ED7E93 /* couple-selected.png in Resources */ = {isa = PBXBuildFile; fileRef = 9EE82E5F17E65DE000ED7E93 /* couple-selected.png */; };
		9EE82E6417E65DE000ED7E93 /* couple-selected@2x.png in Resources */ = {isa = PBXBuildFile; fileRef = 9EE82E6017E65DE000ED7E93 /* couple-selected@2x.png */; };
		9EE82E6517E65DE000ED7E93 /* single-selected.png in Resources */ = {isa = PBXBuildFile; fileRef = 9EE82E6117E65DE000ED7E93 /* single-selected.png */; };
		9EE82E6617E65DE000ED7E93 /* single-selected@2x.png in Resources */ = {isa = PBXBuildFile; fileRef = 9EE82E6217E65DE000ED7E93 /* single-selected@2x.png */; };
		9EECBB6C17DD968800EA2E6A /* rent.png in Resources */ = {isa = PBXBuildFile; fileRef = 9EECBB6A17DD968800EA2E6A /* rent.png */; };
		9EECBB6D17DD968800EA2E6A /* rent@2x.png in Resources */ = {isa = PBXBuildFile; fileRef = 9EECBB6B17DD968800EA2E6A /* rent@2x.png */; };
		9EECBB7017DD971C00EA2E6A /* car.png in Resources */ = {isa = PBXBuildFile; fileRef = 9EECBB6E17DD971C00EA2E6A /* car.png */; };
		9EECBB7117DD971C00EA2E6A /* car@2x.png in Resources */ = {isa = PBXBuildFile; fileRef = 9EECBB6F17DD971C00EA2E6A /* car@2x.png */; };
		9EECBB7417DD977500EA2E6A /* otherexpenses.png in Resources */ = {isa = PBXBuildFile; fileRef = 9EECBB7217DD977500EA2E6A /* otherexpenses.png */; };
		9EECBB7517DD977500EA2E6A /* otherexpenses@2x.png in Resources */ = {isa = PBXBuildFile; fileRef = 9EECBB7317DD977500EA2E6A /* otherexpenses@2x.png */; };
		9EECBB7717DD997800EA2E6A /* sfh-homeinfo.png in Resources */ = {isa = PBXBuildFile; fileRef = 9EECBB7617DD997800EA2E6A /* sfh-homeinfo.png */; };
		9EECBB7917DD9A1C00EA2E6A /* sfh-homeinfo@2x.png in Resources */ = {isa = PBXBuildFile; fileRef = 9EECBB7817DD9A1C00EA2E6A /* sfh-homeinfo@2x.png */; };
		9EECBB7C17DD9ACF00EA2E6A /* condo.png in Resources */ = {isa = PBXBuildFile; fileRef = 9EECBB7A17DD9ACF00EA2E6A /* condo.png */; };
		9EECBB7D17DD9ACF00EA2E6A /* condo@2x.png in Resources */ = {isa = PBXBuildFile; fileRef = 9EECBB7B17DD9ACF00EA2E6A /* condo@2x.png */; };
		9EECBB8017DD9B9500EA2E6A /* hoa.png in Resources */ = {isa = PBXBuildFile; fileRef = 9EECBB7E17DD9B9500EA2E6A /* hoa.png */; };
		9EECBB8117DD9B9500EA2E6A /* hoa@2x.png in Resources */ = {isa = PBXBuildFile; fileRef = 9EECBB7F17DD9B9500EA2E6A /* hoa@2x.png */; };
		9EECBB8817DD9C7600EA2E6A /* homeprice.png in Resources */ = {isa = PBXBuildFile; fileRef = 9EECBB8617DD9C7600EA2E6A /* homeprice.png */; };
		9EECBB8917DD9C7600EA2E6A /* homeprice@2x.png in Resources */ = {isa = PBXBuildFile; fileRef = 9EECBB8717DD9C7600EA2E6A /* homeprice@2x.png */; };
		9EECBB8C17DD9FF200EA2E6A /* besthomefeature.png in Resources */ = {isa = PBXBuildFile; fileRef = 9EECBB8A17DD9FF200EA2E6A /* besthomefeature.png */; };
		9EECBB8D17DD9FF200EA2E6A /* besthomefeature@2x.png in Resources */ = {isa = PBXBuildFile; fileRef = 9EECBB8B17DD9FF200EA2E6A /* besthomefeature@2x.png */; };
		9EECBB9017DDA16F00EA2E6A /* couple.png in Resources */ = {isa = PBXBuildFile; fileRef = 9EECBB8E17DDA16F00EA2E6A /* couple.png */; };
		9EECBB9117DDA16F00EA2E6A /* couple@2x.png in Resources */ = {isa = PBXBuildFile; fileRef = 9EECBB8F17DDA16F00EA2E6A /* couple@2x.png */; };
		9EECBB9417DDA1BB00EA2E6A /* single.png in Resources */ = {isa = PBXBuildFile; fileRef = 9EECBB9217DDA1BB00EA2E6A /* single.png */; };
		9EECBB9517DDA1BB00EA2E6A /* single@2x.png in Resources */ = {isa = PBXBuildFile; fileRef = 9EECBB9317DDA1BB00EA2E6A /* single@2x.png */; };
		9EECBB9817DDA44800EA2E6A /* street.png in Resources */ = {isa = PBXBuildFile; fileRef = 9EECBB9617DDA44800EA2E6A /* street.png */; };
		9EECBB9917DDA44800EA2E6A /* street@2x.png in Resources */ = {isa = PBXBuildFile; fileRef = 9EECBB9717DDA44800EA2E6A /* street@2x.png */; };
		9EECBB9C17DDA55B00EA2E6A /* city.png in Resources */ = {isa = PBXBuildFile; fileRef = 9EECBB9A17DDA55B00EA2E6A /* city.png */; };
		9EECBB9D17DDA55B00EA2E6A /* city@2x.png in Resources */ = {isa = PBXBuildFile; fileRef = 9EECBB9B17DDA55B00EA2E6A /* city@2x.png */; };
		9EECBBA017DDA72A00EA2E6A /* downpayment.png in Resources */ = {isa = PBXBuildFile; fileRef = 9EECBB9E17DDA72A00EA2E6A /* downpayment.png */; };
		9EECBBA117DDA72A00EA2E6A /* downpayment@2x.png in Resources */ = {isa = PBXBuildFile; fileRef = 9EECBB9F17DDA72A00EA2E6A /* downpayment@2x.png */; };
		9EECBBA417DDA7F800EA2E6A /* interestrate.png in Resources */ = {isa = PBXBuildFile; fileRef = 9EECBBA217DDA7F800EA2E6A /* interestrate.png */; };
		9EECBBA517DDA7F800EA2E6A /* interestrate@2x.png in Resources */ = {isa = PBXBuildFile; fileRef = 9EECBBA317DDA7F800EA2E6A /* interestrate@2x.png */; };
		9EECBBA817DDA87800EA2E6A /* loantime.png in Resources */ = {isa = PBXBuildFile; fileRef = 9EECBBA617DDA87800EA2E6A /* loantime.png */; };
		9EECBBA917DDA87800EA2E6A /* loantime@2x.png in Resources */ = {isa = PBXBuildFile; fileRef = 9EECBBA717DDA87800EA2E6A /* loantime@2x.png */; };
		9EFF29E017CF0B91007F3D10 /* Foundation.framework in Frameworks */ = {isa = PBXBuildFile; fileRef = 9EFF29DF17CF0B91007F3D10 /* Foundation.framework */; };
		9EFF29E217CF0B91007F3D10 /* CoreGraphics.framework in Frameworks */ = {isa = PBXBuildFile; fileRef = 9EFF29E117CF0B91007F3D10 /* CoreGraphics.framework */; };
		9EFF29E417CF0B91007F3D10 /* UIKit.framework in Frameworks */ = {isa = PBXBuildFile; fileRef = 9EFF29E317CF0B91007F3D10 /* UIKit.framework */; };
		9EFF29EA17CF0B91007F3D10 /* InfoPlist.strings in Resources */ = {isa = PBXBuildFile; fileRef = 9EFF29E817CF0B91007F3D10 /* InfoPlist.strings */; };
		9EFF29EC17CF0B91007F3D10 /* main.m in Sources */ = {isa = PBXBuildFile; fileRef = 9EFF29EB17CF0B91007F3D10 /* main.m */; };
		9EFF29F017CF0B91007F3D10 /* AppDelegate.m in Sources */ = {isa = PBXBuildFile; fileRef = 9EFF29EF17CF0B91007F3D10 /* AppDelegate.m */; };
		9EFF29F217CF0B91007F3D10 /* Images.xcassets in Resources */ = {isa = PBXBuildFile; fileRef = 9EFF29F117CF0B91007F3D10 /* Images.xcassets */; };
		9EFF29F917CF0B91007F3D10 /* XCTest.framework in Frameworks */ = {isa = PBXBuildFile; fileRef = 9EFF29F817CF0B91007F3D10 /* XCTest.framework */; };
		9EFF29FA17CF0B91007F3D10 /* Foundation.framework in Frameworks */ = {isa = PBXBuildFile; fileRef = 9EFF29DF17CF0B91007F3D10 /* Foundation.framework */; };
		9EFF29FB17CF0B91007F3D10 /* UIKit.framework in Frameworks */ = {isa = PBXBuildFile; fileRef = 9EFF29E317CF0B91007F3D10 /* UIKit.framework */; };
		9EFF2A0317CF0B91007F3D10 /* InfoPlist.strings in Resources */ = {isa = PBXBuildFile; fileRef = 9EFF2A0117CF0B91007F3D10 /* InfoPlist.strings */; };
		9EFF2A0517CF0B91007F3D10 /* kcatTests.m in Sources */ = {isa = PBXBuildFile; fileRef = 9EFF2A0417CF0B91007F3D10 /* kcatTests.m */; };
		9EFF2A0F17CF0BCA007F3D10 /* signup.xib in Resources */ = {isa = PBXBuildFile; fileRef = 9EFF2A0E17CF0BCA007F3D10 /* signup.xib */; };
		9EFF2A1117CF118B007F3D10 /* signin.xib in Resources */ = {isa = PBXBuildFile; fileRef = 9EFF2A1017CF118B007F3D10 /* signin.xib */; };
		9EFF2A1317CF15CC007F3D10 /* kcatintro.xib in Resources */ = {isa = PBXBuildFile; fileRef = 9EFF2A1217CF15CC007F3D10 /* kcatintro.xib */; };
		9EFF2A3A17CF29E4007F3D10 /* kcatintro-tax.xib in Resources */ = {isa = PBXBuildFile; fileRef = 9EFF2A3917CF29E4007F3D10 /* kcatintro-tax.xib */; };
		9EFF2A3D17CF2D55007F3D10 /* appname.png in Resources */ = {isa = PBXBuildFile; fileRef = 9EFF2A3B17CF2D55007F3D10 /* appname.png */; };
		9EFF2A3E17CF2D55007F3D10 /* appname@2x.png in Resources */ = {isa = PBXBuildFile; fileRef = 9EFF2A3C17CF2D55007F3D10 /* appname@2x.png */; };
/* End PBXBuildFile section */

/* Begin PBXContainerItemProxy section */
		9EFF29FC17CF0B91007F3D10 /* PBXContainerItemProxy */ = {
			isa = PBXContainerItemProxy;
			containerPortal = 9EFF29D417CF0B91007F3D10 /* Project object */;
			proxyType = 1;
			remoteGlobalIDString = 9EFF29DB17CF0B91007F3D10;
			remoteInfo = kcat;
		};
/* End PBXContainerItemProxy section */

/* Begin PBXFileReference section */
		9E066EE917E65EBF00524961 /* condo-selected.png */ = {isa = PBXFileReference; lastKnownFileType = image.png; path = "condo-selected.png"; sourceTree = "<group>"; };
		9E066EEA17E65EBF00524961 /* condo-selected@2x.png */ = {isa = PBXFileReference; lastKnownFileType = image.png; path = "condo-selected@2x.png"; sourceTree = "<group>"; };
		9E066EEB17E65EBF00524961 /* sfh-homeinfo-selected.png */ = {isa = PBXFileReference; lastKnownFileType = image.png; path = "sfh-homeinfo-selected.png"; sourceTree = "<group>"; };
		9E066EEC17E65EBF00524961 /* sfh-homeinfo-selected@2x.png */ = {isa = PBXFileReference; lastKnownFileType = image.png; path = "sfh-homeinfo-selected@2x.png"; sourceTree = "<group>"; };
		9E108AA017D05CFF0071AAF4 /* help.png */ = {isa = PBXFileReference; lastKnownFileType = image.png; path = help.png; sourceTree = "<group>"; };
		9E108AA117D05CFF0071AAF4 /* help@2x.png */ = {isa = PBXFileReference; lastKnownFileType = image.png; path = "help@2x.png"; sourceTree = "<group>"; };
		9E108AA817D05FA40071AAF4 /* dashboard.png */ = {isa = PBXFileReference; lastKnownFileType = image.png; path = dashboard.png; sourceTree = "<group>"; };
		9E108AA917D05FA40071AAF4 /* dashboard@2x.png */ = {isa = PBXFileReference; lastKnownFileType = image.png; path = "dashboard@2x.png"; sourceTree = "<group>"; };
		9E108AAC17D0600F0071AAF4 /* monthlyexpenses.xib */ = {isa = PBXFileReference; fileEncoding = 4; lastKnownFileType = file.xib; path = monthlyexpenses.xib; sourceTree = "<group>"; };
		9E42213317D464F100F18A5C /* loaninfo.xib */ = {isa = PBXFileReference; fileEncoding = 4; lastKnownFileType = file.xib; path = loaninfo.xib; sourceTree = "<group>"; };
		9E718D6417DE57A900291228 /* dashboard-noinfo.xib */ = {isa = PBXFileReference; fileEncoding = 4; lastKnownFileType = file.xib; path = "dashboard-noinfo.xib"; sourceTree = "<group>"; };
		9E718D6617DE5A4C00291228 /* couple-dashboard.png */ = {isa = PBXFileReference; lastKnownFileType = image.png; path = "couple-dashboard.png"; sourceTree = "<group>"; };
		9E718D6717DE5A4C00291228 /* couple-dashboard@2x.png */ = {isa = PBXFileReference; lastKnownFileType = image.png; path = "couple-dashboard@2x.png"; sourceTree = "<group>"; };
		9E718D6A17DE5CE400291228 /* sfh.png */ = {isa = PBXFileReference; lastKnownFileType = image.png; path = sfh.png; sourceTree = "<group>"; };
		9E718D6B17DE5CE400291228 /* sfh@2x.png */ = {isa = PBXFileReference; lastKnownFileType = image.png; path = "sfh@2x.png"; sourceTree = "<group>"; };
		9E718D6E17DE5D9B00291228 /* compare.png */ = {isa = PBXFileReference; lastKnownFileType = image.png; path = compare.png; sourceTree = "<group>"; };
		9E718D6F17DE5D9B00291228 /* compare@2x.png */ = {isa = PBXFileReference; lastKnownFileType = image.png; path = "compare@2x.png"; sourceTree = "<group>"; };
		9E718D7217DE5E1900291228 /* lifestyle-beach.png */ = {isa = PBXFileReference; lastKnownFileType = image.png; path = "lifestyle-beach.png"; sourceTree = "<group>"; };
		9E718D7317DE5E1900291228 /* lifestyle-beach@2x.png */ = {isa = PBXFileReference; lastKnownFileType = image.png; path = "lifestyle-beach@2x.png"; sourceTree = "<group>"; };
		9E718D7617DE5E6800291228 /* dashboard-pfinfo.xib */ = {isa = PBXFileReference; fileEncoding = 4; lastKnownFileType = file.xib; path = "dashboard-pfinfo.xib"; sourceTree = "<group>"; };
		9E821DEF17CFA778007DC9BE /* kcatintro-lifestyle.xib */ = {isa = PBXFileReference; fileEncoding = 4; lastKnownFileType = file.xib; path = "kcatintro-lifestyle.xib"; sourceTree = "<group>"; };
		9E821DF117CFA822007DC9BE /* kcatintro-rvb.xib */ = {isa = PBXFileReference; fileEncoding = 4; lastKnownFileType = file.xib; path = "kcatintro-rvb.xib"; sourceTree = "<group>"; };
		9E821DF317CFAA92007DC9BE /* aboutyou.xib */ = {isa = PBXFileReference; fileEncoding = 4; lastKnownFileType = file.xib; path = aboutyou.xib; sourceTree = "<group>"; };
		9E8F7F9D17D8FEEC007C174A /* kcat-intro.png */ = {isa = PBXFileReference; lastKnownFileType = image.png; path = "kcat-intro.png"; sourceTree = "<group>"; };
		9E8F7F9E17D8FEEC007C174A /* kcat-intro@2x.png */ = {isa = PBXFileReference; lastKnownFileType = image.png; path = "kcat-intro@2x.png"; sourceTree = "<group>"; };
		9E92962417D10D1700B3DC44 /* homeinfo.xib */ = {isa = PBXFileReference; fileEncoding = 4; lastKnownFileType = file.xib; path = homeinfo.xib; sourceTree = "<group>"; };
		9E92963217D2EF5F00B3DC44 /* homeaddress.xib */ = {isa = PBXFileReference; fileEncoding = 4; lastKnownFileType = file.xib; path = homeaddress.xib; sourceTree = "<group>"; };
		9E92963417D2F4B400B3DC44 /* location.png */ = {isa = PBXFileReference; lastKnownFileType = image.png; path = location.png; sourceTree = "<group>"; };
		9E92963517D2F4B400B3DC44 /* location@2x.png */ = {isa = PBXFileReference; lastKnownFileType = image.png; path = "location@2x.png"; sourceTree = "<group>"; };
		9E97F17917DACC98006381AE /* menu.png */ = {isa = PBXFileReference; lastKnownFileType = image.png; path = menu.png; sourceTree = "<group>"; };
		9E97F17A17DACC98006381AE /* menu@2x.png */ = {isa = PBXFileReference; lastKnownFileType = image.png; path = "menu@2x.png"; sourceTree = "<group>"; };
		9E9C803917DAF41C004D8669 /* children.png */ = {isa = PBXFileReference; lastKnownFileType = image.png; path = children.png; sourceTree = "<group>"; };
		9E9C803A17DAF41C004D8669 /* children@2x.png */ = {isa = PBXFileReference; lastKnownFileType = image.png; path = "children@2x.png"; sourceTree = "<group>"; };
		9E9C804517DAF894004D8669 /* salary.png */ = {isa = PBXFileReference; lastKnownFileType = image.png; path = salary.png; sourceTree = "<group>"; };
		9E9C804617DAF894004D8669 /* salary@2X.png */ = {isa = PBXFileReference; lastKnownFileType = image.png; path = "salary@2X.png"; sourceTree = "<group>"; };
		9E9C804917DAF932004D8669 /* savings.png */ = {isa = PBXFileReference; lastKnownFileType = image.png; path = savings.png; sourceTree = "<group>"; };
		9E9C804A17DAF932004D8669 /* savings@2X.png */ = {isa = PBXFileReference; lastKnownFileType = image.png; path = "savings@2X.png"; sourceTree = "<group>"; };
		9E9C804D17DAFBDA004D8669 /* aboutyou.h */ = {isa = PBXFileReference; fileEncoding = 4; lastKnownFileType = sourcecode.c.h; path = aboutyou.h; sourceTree = "<group>"; };
		9E9C804E17DAFBDA004D8669 /* aboutyou.m */ = {isa = PBXFileReference; fileEncoding = 4; lastKnownFileType = sourcecode.c.objc; path = aboutyou.m; sourceTree = "<group>"; };
		9E9C805217DB02DF004D8669 /* forward-icon.png */ = {isa = PBXFileReference; lastKnownFileType = image.png; path = "forward-icon.png"; sourceTree = "<group>"; };
		9E9C805317DB02DF004D8669 /* forward-icon@2x.png */ = {isa = PBXFileReference; lastKnownFileType = image.png; path = "forward-icon@2x.png"; sourceTree = "<group>"; };
		9E9C805617DB02EB004D8669 /* back-icon.png */ = {isa = PBXFileReference; lastKnownFileType = image.png; path = "back-icon.png"; sourceTree = "<group>"; };
		9E9C805717DB02EB004D8669 /* back-icon@2x.png */ = {isa = PBXFileReference; lastKnownFileType = image.png; path = "back-icon@2x.png"; sourceTree = "<group>"; };
		9ED884EB17DE67A500EA0651 /* lifestyle-sports.png */ = {isa = PBXFileReference; lastKnownFileType = image.png; path = "lifestyle-sports.png"; sourceTree = "<group>"; };
		9ED884EC17DE67A500EA0651 /* lifestyle-sports@2x.png */ = {isa = PBXFileReference; lastKnownFileType = image.png; path = "lifestyle-sports@2x.png"; sourceTree = "<group>"; };
		9ED884EF17DE680A00EA0651 /* lifestyle-shopping.png */ = {isa = PBXFileReference; lastKnownFileType = image.png; path = "lifestyle-shopping.png"; sourceTree = "<group>"; };
		9ED884F017DE680A00EA0651 /* lifestyle-shopping@2x.png */ = {isa = PBXFileReference; lastKnownFileType = image.png; path = "lifestyle-shopping@2x.png"; sourceTree = "<group>"; };
		9ED884F717DE690500EA0651 /* lifestyle-music.png */ = {isa = PBXFileReference; lastKnownFileType = image.png; path = "lifestyle-music.png"; sourceTree = "<group>"; };
		9ED884F817DE690500EA0651 /* lifestyle-music@2x.png */ = {isa = PBXFileReference; lastKnownFileType = image.png; path = "lifestyle-music@2x.png"; sourceTree = "<group>"; };
		9ED8850317DE6AD800EA0651 /* lifestyle-food.png */ = {isa = PBXFileReference; lastKnownFileType = image.png; path = "lifestyle-food.png"; sourceTree = "<group>"; };
		9ED8850417DE6AD800EA0651 /* lifestyle-food@2x.png */ = {isa = PBXFileReference; lastKnownFileType = image.png; path = "lifestyle-food@2x.png"; sourceTree = "<group>"; };
		9ED8850717DE6D8700EA0651 /* surfing.png */ = {isa = PBXFileReference; lastKnownFileType = image.png; path = surfing.png; sourceTree = "<group>"; };
		9ED8850817DE6D8700EA0651 /* surfing@2x.png */ = {isa = PBXFileReference; lastKnownFileType = image.png; path = "surfing@2x.png"; sourceTree = "<group>"; };
		9EE82E5F17E65DE000ED7E93 /* couple-selected.png */ = {isa = PBXFileReference; lastKnownFileType = image.png; path = "couple-selected.png"; sourceTree = "<group>"; };
		9EE82E6017E65DE000ED7E93 /* couple-selected@2x.png */ = {isa = PBXFileReference; lastKnownFileType = image.png; path = "couple-selected@2x.png"; sourceTree = "<group>"; };
		9EE82E6117E65DE000ED7E93 /* single-selected.png */ = {isa = PBXFileReference; lastKnownFileType = image.png; path = "single-selected.png"; sourceTree = "<group>"; };
		9EE82E6217E65DE000ED7E93 /* single-selected@2x.png */ = {isa = PBXFileReference; lastKnownFileType = image.png; path = "single-selected@2x.png"; sourceTree = "<group>"; };
		9EECBB6A17DD968800EA2E6A /* rent.png */ = {isa = PBXFileReference; lastKnownFileType = image.png; path = rent.png; sourceTree = "<group>"; };
		9EECBB6B17DD968800EA2E6A /* rent@2x.png */ = {isa = PBXFileReference; lastKnownFileType = image.png; path = "rent@2x.png"; sourceTree = "<group>"; };
		9EECBB6E17DD971C00EA2E6A /* car.png */ = {isa = PBXFileReference; lastKnownFileType = image.png; path = car.png; sourceTree = "<group>"; };
		9EECBB6F17DD971C00EA2E6A /* car@2x.png */ = {isa = PBXFileReference; lastKnownFileType = image.png; path = "car@2x.png"; sourceTree = "<group>"; };
		9EECBB7217DD977500EA2E6A /* otherexpenses.png */ = {isa = PBXFileReference; lastKnownFileType = image.png; path = otherexpenses.png; sourceTree = "<group>"; };
		9EECBB7317DD977500EA2E6A /* otherexpenses@2x.png */ = {isa = PBXFileReference; lastKnownFileType = image.png; path = "otherexpenses@2x.png"; sourceTree = "<group>"; };
		9EECBB7617DD997800EA2E6A /* sfh-homeinfo.png */ = {isa = PBXFileReference; lastKnownFileType = image.png; path = "sfh-homeinfo.png"; sourceTree = "<group>"; };
		9EECBB7817DD9A1C00EA2E6A /* sfh-homeinfo@2x.png */ = {isa = PBXFileReference; lastKnownFileType = image.png; path = "sfh-homeinfo@2x.png"; sourceTree = "<group>"; };
		9EECBB7A17DD9ACF00EA2E6A /* condo.png */ = {isa = PBXFileReference; lastKnownFileType = image.png; path = condo.png; sourceTree = "<group>"; };
		9EECBB7B17DD9ACF00EA2E6A /* condo@2x.png */ = {isa = PBXFileReference; lastKnownFileType = image.png; path = "condo@2x.png"; sourceTree = "<group>"; };
		9EECBB7E17DD9B9500EA2E6A /* hoa.png */ = {isa = PBXFileReference; lastKnownFileType = image.png; path = hoa.png; sourceTree = "<group>"; };
		9EECBB7F17DD9B9500EA2E6A /* hoa@2x.png */ = {isa = PBXFileReference; lastKnownFileType = image.png; path = "hoa@2x.png"; sourceTree = "<group>"; };
		9EECBB8617DD9C7600EA2E6A /* homeprice.png */ = {isa = PBXFileReference; lastKnownFileType = image.png; path = homeprice.png; sourceTree = "<group>"; };
		9EECBB8717DD9C7600EA2E6A /* homeprice@2x.png */ = {isa = PBXFileReference; lastKnownFileType = image.png; path = "homeprice@2x.png"; sourceTree = "<group>"; };
		9EECBB8A17DD9FF200EA2E6A /* besthomefeature.png */ = {isa = PBXFileReference; lastKnownFileType = image.png; path = besthomefeature.png; sourceTree = "<group>"; };
		9EECBB8B17DD9FF200EA2E6A /* besthomefeature@2x.png */ = {isa = PBXFileReference; lastKnownFileType = image.png; path = "besthomefeature@2x.png"; sourceTree = "<group>"; };
		9EECBB8E17DDA16F00EA2E6A /* couple.png */ = {isa = PBXFileReference; lastKnownFileType = image.png; path = couple.png; sourceTree = "<group>"; };
		9EECBB8F17DDA16F00EA2E6A /* couple@2x.png */ = {isa = PBXFileReference; lastKnownFileType = image.png; path = "couple@2x.png"; sourceTree = "<group>"; };
		9EECBB9217DDA1BB00EA2E6A /* single.png */ = {isa = PBXFileReference; lastKnownFileType = image.png; path = single.png; sourceTree = "<group>"; };
		9EECBB9317DDA1BB00EA2E6A /* single@2x.png */ = {isa = PBXFileReference; lastKnownFileType = image.png; path = "single@2x.png"; sourceTree = "<group>"; };
		9EECBB9617DDA44800EA2E6A /* street.png */ = {isa = PBXFileReference; lastKnownFileType = image.png; path = street.png; sourceTree = "<group>"; };
		9EECBB9717DDA44800EA2E6A /* street@2x.png */ = {isa = PBXFileReference; lastKnownFileType = image.png; path = "street@2x.png"; sourceTree = "<group>"; };
		9EECBB9A17DDA55B00EA2E6A /* city.png */ = {isa = PBXFileReference; lastKnownFileType = image.png; path = city.png; sourceTree = "<group>"; };
		9EECBB9B17DDA55B00EA2E6A /* city@2x.png */ = {isa = PBXFileReference; lastKnownFileType = image.png; path = "city@2x.png"; sourceTree = "<group>"; };
		9EECBB9E17DDA72A00EA2E6A /* downpayment.png */ = {isa = PBXFileReference; lastKnownFileType = image.png; path = downpayment.png; sourceTree = "<group>"; };
		9EECBB9F17DDA72A00EA2E6A /* downpayment@2x.png */ = {isa = PBXFileReference; lastKnownFileType = image.png; path = "downpayment@2x.png"; sourceTree = "<group>"; };
		9EECBBA217DDA7F800EA2E6A /* interestrate.png */ = {isa = PBXFileReference; lastKnownFileType = image.png; path = interestrate.png; sourceTree = "<group>"; };
		9EECBBA317DDA7F800EA2E6A /* interestrate@2x.png */ = {isa = PBXFileReference; lastKnownFileType = image.png; path = "interestrate@2x.png"; sourceTree = "<group>"; };
		9EECBBA617DDA87800EA2E6A /* loantime.png */ = {isa = PBXFileReference; lastKnownFileType = image.png; path = loantime.png; sourceTree = "<group>"; };
		9EECBBA717DDA87800EA2E6A /* loantime@2x.png */ = {isa = PBXFileReference; lastKnownFileType = image.png; path = "loantime@2x.png"; sourceTree = "<group>"; };
		9EFF29DC17CF0B91007F3D10 /* kcat.app */ = {isa = PBXFileReference; explicitFileType = wrapper.application; includeInIndex = 0; path = kcat.app; sourceTree = BUILT_PRODUCTS_DIR; };
		9EFF29DF17CF0B91007F3D10 /* Foundation.framework */ = {isa = PBXFileReference; lastKnownFileType = wrapper.framework; name = Foundation.framework; path = System/Library/Frameworks/Foundation.framework; sourceTree = SDKROOT; };
		9EFF29E117CF0B91007F3D10 /* CoreGraphics.framework */ = {isa = PBXFileReference; lastKnownFileType = wrapper.framework; name = CoreGraphics.framework; path = System/Library/Frameworks/CoreGraphics.framework; sourceTree = SDKROOT; };
		9EFF29E317CF0B91007F3D10 /* UIKit.framework */ = {isa = PBXFileReference; lastKnownFileType = wrapper.framework; name = UIKit.framework; path = System/Library/Frameworks/UIKit.framework; sourceTree = SDKROOT; };
		9EFF29E717CF0B91007F3D10 /* kcat-Info.plist */ = {isa = PBXFileReference; lastKnownFileType = text.plist.xml; path = "kcat-Info.plist"; sourceTree = "<group>"; };
		9EFF29E917CF0B91007F3D10 /* en */ = {isa = PBXFileReference; lastKnownFileType = text.plist.strings; name = en; path = en.lproj/InfoPlist.strings; sourceTree = "<group>"; };
		9EFF29EB17CF0B91007F3D10 /* main.m */ = {isa = PBXFileReference; lastKnownFileType = sourcecode.c.objc; path = main.m; sourceTree = "<group>"; };
		9EFF29ED17CF0B91007F3D10 /* kcat-Prefix.pch */ = {isa = PBXFileReference; lastKnownFileType = sourcecode.c.h; path = "kcat-Prefix.pch"; sourceTree = "<group>"; };
		9EFF29EE17CF0B91007F3D10 /* AppDelegate.h */ = {isa = PBXFileReference; lastKnownFileType = sourcecode.c.h; path = AppDelegate.h; sourceTree = "<group>"; };
		9EFF29EF17CF0B91007F3D10 /* AppDelegate.m */ = {isa = PBXFileReference; lastKnownFileType = sourcecode.c.objc; path = AppDelegate.m; sourceTree = "<group>"; };
		9EFF29F117CF0B91007F3D10 /* Images.xcassets */ = {isa = PBXFileReference; lastKnownFileType = folder.assetcatalog; path = Images.xcassets; sourceTree = "<group>"; };
		9EFF29F717CF0B91007F3D10 /* kcatTests.xctest */ = {isa = PBXFileReference; explicitFileType = wrapper.cfbundle; includeInIndex = 0; path = kcatTests.xctest; sourceTree = BUILT_PRODUCTS_DIR; };
		9EFF29F817CF0B91007F3D10 /* XCTest.framework */ = {isa = PBXFileReference; lastKnownFileType = wrapper.framework; name = XCTest.framework; path = Library/Frameworks/XCTest.framework; sourceTree = DEVELOPER_DIR; };
		9EFF2A0017CF0B91007F3D10 /* kcatTests-Info.plist */ = {isa = PBXFileReference; lastKnownFileType = text.plist.xml; path = "kcatTests-Info.plist"; sourceTree = "<group>"; };
		9EFF2A0217CF0B91007F3D10 /* en */ = {isa = PBXFileReference; lastKnownFileType = text.plist.strings; name = en; path = en.lproj/InfoPlist.strings; sourceTree = "<group>"; };
		9EFF2A0417CF0B91007F3D10 /* kcatTests.m */ = {isa = PBXFileReference; lastKnownFileType = sourcecode.c.objc; path = kcatTests.m; sourceTree = "<group>"; };
		9EFF2A0E17CF0BCA007F3D10 /* signup.xib */ = {isa = PBXFileReference; fileEncoding = 4; lastKnownFileType = file.xib; path = signup.xib; sourceTree = "<group>"; };
		9EFF2A1017CF118B007F3D10 /* signin.xib */ = {isa = PBXFileReference; fileEncoding = 4; lastKnownFileType = file.xib; path = signin.xib; sourceTree = "<group>"; };
		9EFF2A1217CF15CC007F3D10 /* kcatintro.xib */ = {isa = PBXFileReference; fileEncoding = 4; lastKnownFileType = file.xib; path = kcatintro.xib; sourceTree = "<group>"; };
		9EFF2A3917CF29E4007F3D10 /* kcatintro-tax.xib */ = {isa = PBXFileReference; fileEncoding = 4; lastKnownFileType = file.xib; path = "kcatintro-tax.xib"; sourceTree = "<group>"; };
		9EFF2A3B17CF2D55007F3D10 /* appname.png */ = {isa = PBXFileReference; lastKnownFileType = image.png; path = appname.png; sourceTree = "<group>"; };
		9EFF2A3C17CF2D55007F3D10 /* appname@2x.png */ = {isa = PBXFileReference; lastKnownFileType = image.png; path = "appname@2x.png"; sourceTree = "<group>"; };
/* End PBXFileReference section */

/* Begin PBXFrameworksBuildPhase section */
		9EFF29D917CF0B91007F3D10 /* Frameworks */ = {
			isa = PBXFrameworksBuildPhase;
			buildActionMask = 2147483647;
			files = (
				9EFF29E217CF0B91007F3D10 /* CoreGraphics.framework in Frameworks */,
				9EFF29E417CF0B91007F3D10 /* UIKit.framework in Frameworks */,
				9EFF29E017CF0B91007F3D10 /* Foundation.framework in Frameworks */,
			);
			runOnlyForDeploymentPostprocessing = 0;
		};
		9EFF29F417CF0B91007F3D10 /* Frameworks */ = {
			isa = PBXFrameworksBuildPhase;
			buildActionMask = 2147483647;
			files = (
				9EFF29F917CF0B91007F3D10 /* XCTest.framework in Frameworks */,
				9EFF29FB17CF0B91007F3D10 /* UIKit.framework in Frameworks */,
				9EFF29FA17CF0B91007F3D10 /* Foundation.framework in Frameworks */,
			);
			runOnlyForDeploymentPostprocessing = 0;
		};
/* End PBXFrameworksBuildPhase section */

/* Begin PBXGroup section */
		9EFF29D317CF0B91007F3D10 = {
			isa = PBXGroup;
			children = (
				9EFF2A1417CF165B007F3D10 /* images */,
				9EFF2A0E17CF0BCA007F3D10 /* signup.xib */,
				9EFF2A1017CF118B007F3D10 /* signin.xib */,
				9EFF2A1217CF15CC007F3D10 /* kcatintro.xib */,
				9E821DEF17CFA778007DC9BE /* kcatintro-lifestyle.xib */,
				9EFF2A3917CF29E4007F3D10 /* kcatintro-tax.xib */,
				9E821DF117CFA822007DC9BE /* kcatintro-rvb.xib */,
				9E821DF317CFAA92007DC9BE /* aboutyou.xib */,
				9E108AAC17D0600F0071AAF4 /* monthlyexpenses.xib */,
				9E92962417D10D1700B3DC44 /* homeinfo.xib */,
				9E92963217D2EF5F00B3DC44 /* homeaddress.xib */,
				9E42213317D464F100F18A5C /* loaninfo.xib */,
				9E718D6417DE57A900291228 /* dashboard-noinfo.xib */,
				9E718D7617DE5E6800291228 /* dashboard-pfinfo.xib */,
				9EFF29E517CF0B91007F3D10 /* kcat */,
				9EFF29FE17CF0B91007F3D10 /* kcatTests */,
				9EFF29DE17CF0B91007F3D10 /* Frameworks */,
				9EFF29DD17CF0B91007F3D10 /* Products */,
			);
			sourceTree = "<group>";
		};
		9EFF29DD17CF0B91007F3D10 /* Products */ = {
			isa = PBXGroup;
			children = (
				9EFF29DC17CF0B91007F3D10 /* kcat.app */,
				9EFF29F717CF0B91007F3D10 /* kcatTests.xctest */,
			);
			name = Products;
			sourceTree = "<group>";
		};
		9EFF29DE17CF0B91007F3D10 /* Frameworks */ = {
			isa = PBXGroup;
			children = (
				9EFF29DF17CF0B91007F3D10 /* Foundation.framework */,
				9EFF29E117CF0B91007F3D10 /* CoreGraphics.framework */,
				9EFF29E317CF0B91007F3D10 /* UIKit.framework */,
				9EFF29F817CF0B91007F3D10 /* XCTest.framework */,
			);
			name = Frameworks;
			sourceTree = "<group>";
		};
		9EFF29E517CF0B91007F3D10 /* kcat */ = {
			isa = PBXGroup;
			children = (
				9EFF29EE17CF0B91007F3D10 /* AppDelegate.h */,
				9EFF29EF17CF0B91007F3D10 /* AppDelegate.m */,
				9EFF29F117CF0B91007F3D10 /* Images.xcassets */,
				9EFF29E617CF0B91007F3D10 /* Supporting Files */,
				9E9C804D17DAFBDA004D8669 /* aboutyou.h */,
				9E9C804E17DAFBDA004D8669 /* aboutyou.m */,
			);
			path = kcat;
			sourceTree = "<group>";
		};
		9EFF29E617CF0B91007F3D10 /* Supporting Files */ = {
			isa = PBXGroup;
			children = (
				9EFF29E717CF0B91007F3D10 /* kcat-Info.plist */,
				9EFF29E817CF0B91007F3D10 /* InfoPlist.strings */,
				9EFF29EB17CF0B91007F3D10 /* main.m */,
				9EFF29ED17CF0B91007F3D10 /* kcat-Prefix.pch */,
			);
			name = "Supporting Files";
			sourceTree = "<group>";
		};
		9EFF29FE17CF0B91007F3D10 /* kcatTests */ = {
			isa = PBXGroup;
			children = (
				9EFF2A0417CF0B91007F3D10 /* kcatTests.m */,
				9EFF29FF17CF0B91007F3D10 /* Supporting Files */,
			);
			path = kcatTests;
			sourceTree = "<group>";
		};
		9EFF29FF17CF0B91007F3D10 /* Supporting Files */ = {
			isa = PBXGroup;
			children = (
				9EFF2A0017CF0B91007F3D10 /* kcatTests-Info.plist */,
				9EFF2A0117CF0B91007F3D10 /* InfoPlist.strings */,
			);
			name = "Supporting Files";
			sourceTree = "<group>";
		};
		9EFF2A1417CF165B007F3D10 /* images */ = {
			isa = PBXGroup;
			children = (
				9E066EE917E65EBF00524961 /* condo-selected.png */,
				9E066EEA17E65EBF00524961 /* condo-selected@2x.png */,
				9E066EEB17E65EBF00524961 /* sfh-homeinfo-selected.png */,
				9E066EEC17E65EBF00524961 /* sfh-homeinfo-selected@2x.png */,
				9EE82E5F17E65DE000ED7E93 /* couple-selected.png */,
				9EE82E6017E65DE000ED7E93 /* couple-selected@2x.png */,
				9EE82E6117E65DE000ED7E93 /* single-selected.png */,
				9EE82E6217E65DE000ED7E93 /* single-selected@2x.png */,
				9E718D6E17DE5D9B00291228 /* compare.png */,
				9E718D6F17DE5D9B00291228 /* compare@2x.png */,
				9E718D6A17DE5CE400291228 /* sfh.png */,
				9E718D6B17DE5CE400291228 /* sfh@2x.png */,
				9E718D6617DE5A4C00291228 /* couple-dashboard.png */,
				9E718D6717DE5A4C00291228 /* couple-dashboard@2x.png */,
				9EECBBA617DDA87800EA2E6A /* loantime.png */,
				9EECBBA717DDA87800EA2E6A /* loantime@2x.png */,
				9EECBBA217DDA7F800EA2E6A /* interestrate.png */,
				9EECBBA317DDA7F800EA2E6A /* interestrate@2x.png */,
				9EECBB9E17DDA72A00EA2E6A /* downpayment.png */,
				9EECBB9F17DDA72A00EA2E6A /* downpayment@2x.png */,
				9EECBB9A17DDA55B00EA2E6A /* city.png */,
				9EECBB9B17DDA55B00EA2E6A /* city@2x.png */,
				9EECBB9617DDA44800EA2E6A /* street.png */,
				9EECBB9717DDA44800EA2E6A /* street@2x.png */,
				9EECBB9217DDA1BB00EA2E6A /* single.png */,
				9EECBB9317DDA1BB00EA2E6A /* single@2x.png */,
				9EECBB8E17DDA16F00EA2E6A /* couple.png */,
				9EECBB8F17DDA16F00EA2E6A /* couple@2x.png */,
				9EECBB8A17DD9FF200EA2E6A /* besthomefeature.png */,
				9EECBB8B17DD9FF200EA2E6A /* besthomefeature@2x.png */,
				9EECBB8617DD9C7600EA2E6A /* homeprice.png */,
				9EECBB8717DD9C7600EA2E6A /* homeprice@2x.png */,
				9EECBB7E17DD9B9500EA2E6A /* hoa.png */,
				9EECBB7F17DD9B9500EA2E6A /* hoa@2x.png */,
				9EECBB7A17DD9ACF00EA2E6A /* condo.png */,
				9EECBB7B17DD9ACF00EA2E6A /* condo@2x.png */,
				9EECBB7817DD9A1C00EA2E6A /* sfh-homeinfo@2x.png */,
				9EECBB7617DD997800EA2E6A /* sfh-homeinfo.png */,
				9EECBB7217DD977500EA2E6A /* otherexpenses.png */,
				9EECBB7317DD977500EA2E6A /* otherexpenses@2x.png */,
				9EECBB6E17DD971C00EA2E6A /* car.png */,
				9EECBB6F17DD971C00EA2E6A /* car@2x.png */,
				9EECBB6A17DD968800EA2E6A /* rent.png */,
				9EECBB6B17DD968800EA2E6A /* rent@2x.png */,
				9E9C805617DB02EB004D8669 /* back-icon.png */,
				9E9C805717DB02EB004D8669 /* back-icon@2x.png */,
				9E9C805217DB02DF004D8669 /* forward-icon.png */,
				9E9C805317DB02DF004D8669 /* forward-icon@2x.png */,
				9E9C804917DAF932004D8669 /* savings.png */,
				9E9C804A17DAF932004D8669 /* savings@2X.png */,
				9E9C804517DAF894004D8669 /* salary.png */,
				9E9C804617DAF894004D8669 /* salary@2X.png */,
				9E9C803917DAF41C004D8669 /* children.png */,
				9E9C803A17DAF41C004D8669 /* children@2x.png */,
				9E97F17917DACC98006381AE /* menu.png */,
				9E97F17A17DACC98006381AE /* menu@2x.png */,
				9E8F7F9D17D8FEEC007C174A /* kcat-intro.png */,
				9E8F7F9E17D8FEEC007C174A /* kcat-intro@2x.png */,
				9E92963417D2F4B400B3DC44 /* location.png */,
				9E92963517D2F4B400B3DC44 /* location@2x.png */,
				9E108AA817D05FA40071AAF4 /* dashboard.png */,
				9E108AA917D05FA40071AAF4 /* dashboard@2x.png */,
				9E108AA017D05CFF0071AAF4 /* help.png */,
				9E108AA117D05CFF0071AAF4 /* help@2x.png */,
				9E718D7217DE5E1900291228 /* lifestyle-beach.png */,
				9E718D7317DE5E1900291228 /* lifestyle-beach@2x.png */,
				9EFF2A3B17CF2D55007F3D10 /* appname.png */,
				9EFF2A3C17CF2D55007F3D10 /* appname@2x.png */,
				9ED884EB17DE67A500EA0651 /* lifestyle-sports.png */,
				9ED884EC17DE67A500EA0651 /* lifestyle-sports@2x.png */,
				9ED884EF17DE680A00EA0651 /* lifestyle-shopping.png */,
				9ED884F017DE680A00EA0651 /* lifestyle-shopping@2x.png */,
				9ED884F717DE690500EA0651 /* lifestyle-music.png */,
				9ED884F817DE690500EA0651 /* lifestyle-music@2x.png */,
				9ED8850317DE6AD800EA0651 /* lifestyle-food.png */,
				9ED8850417DE6AD800EA0651 /* lifestyle-food@2x.png */,
				9ED8850717DE6D8700EA0651 /* surfing.png */,
				9ED8850817DE6D8700EA0651 /* surfing@2x.png */,
			);
			name = images;
			sourceTree = "<group>";
		};
/* End PBXGroup section */

/* Begin PBXNativeTarget section */
		9EFF29DB17CF0B91007F3D10 /* kcat */ = {
			isa = PBXNativeTarget;
			buildConfigurationList = 9EFF2A0817CF0B91007F3D10 /* Build configuration list for PBXNativeTarget "kcat" */;
			buildPhases = (
				9EFF29D817CF0B91007F3D10 /* Sources */,
				9EFF29D917CF0B91007F3D10 /* Frameworks */,
				9EFF29DA17CF0B91007F3D10 /* Resources */,
			);
			buildRules = (
			);
			dependencies = (
			);
			name = kcat;
			productName = kcat;
			productReference = 9EFF29DC17CF0B91007F3D10 /* kcat.app */;
			productType = "com.apple.product-type.application";
		};
		9EFF29F617CF0B91007F3D10 /* kcatTests */ = {
			isa = PBXNativeTarget;
			buildConfigurationList = 9EFF2A0B17CF0B91007F3D10 /* Build configuration list for PBXNativeTarget "kcatTests" */;
			buildPhases = (
				9EFF29F317CF0B91007F3D10 /* Sources */,
				9EFF29F417CF0B91007F3D10 /* Frameworks */,
				9EFF29F517CF0B91007F3D10 /* Resources */,
			);
			buildRules = (
			);
			dependencies = (
				9EFF29FD17CF0B91007F3D10 /* PBXTargetDependency */,
			);
			name = kcatTests;
			productName = kcatTests;
			productReference = 9EFF29F717CF0B91007F3D10 /* kcatTests.xctest */;
			productType = "com.apple.product-type.bundle.unit-test";
		};
/* End PBXNativeTarget section */

/* Begin PBXProject section */
		9EFF29D417CF0B91007F3D10 /* Project object */ = {
			isa = PBXProject;
			attributes = {
				LastUpgradeCheck = 0500;
				ORGANIZATIONNAME = "Vinit Modi";
				TargetAttributes = {
					9EFF29F617CF0B91007F3D10 = {
						TestTargetID = 9EFF29DB17CF0B91007F3D10;
					};
				};
			};
			buildConfigurationList = 9EFF29D717CF0B91007F3D10 /* Build configuration list for PBXProject "kcat" */;
			compatibilityVersion = "Xcode 3.2";
			developmentRegion = English;
			hasScannedForEncodings = 0;
			knownRegions = (
				en,
			);
			mainGroup = 9EFF29D317CF0B91007F3D10;
			productRefGroup = 9EFF29DD17CF0B91007F3D10 /* Products */;
			projectDirPath = "";
			projectRoot = "";
			targets = (
				9EFF29DB17CF0B91007F3D10 /* kcat */,
				9EFF29F617CF0B91007F3D10 /* kcatTests */,
			);
		};
/* End PBXProject section */

/* Begin PBXResourcesBuildPhase section */
		9EFF29DA17CF0B91007F3D10 /* Resources */ = {
			isa = PBXResourcesBuildPhase;
			buildActionMask = 2147483647;
			files = (
				9EE82E6317E65DE000ED7E93 /* couple-selected.png in Resources */,
				9E9C805517DB02DF004D8669 /* forward-icon@2x.png in Resources */,
				9EECBBA817DDA87800EA2E6A /* loantime.png in Resources */,
				9EECBB9C17DDA55B00EA2E6A /* city.png in Resources */,
				9EECBBA517DDA7F800EA2E6A /* interestrate@2x.png in Resources */,
				9E92963317D2EF6000B3DC44 /* homeaddress.xib in Resources */,
				9EE82E6617E65DE000ED7E93 /* single-selected@2x.png in Resources */,
				9EECBB9917DDA44800EA2E6A /* street@2x.png in Resources */,
				9E9C804717DAF894004D8669 /* salary.png in Resources */,
				9EECBB8D17DD9FF200EA2E6A /* besthomefeature@2x.png in Resources */,
				9EECBB7417DD977500EA2E6A /* otherexpenses.png in Resources */,
				9E8F7F9F17D8FEEC007C174A /* kcat-intro.png in Resources */,
				9ED884FA17DE690500EA0651 /* lifestyle-music@2x.png in Resources */,
				9EFF2A0F17CF0BCA007F3D10 /* signup.xib in Resources */,
				9EFF29EA17CF0B91007F3D10 /* InfoPlist.strings in Resources */,
				9ED884F217DE680A00EA0651 /* lifestyle-shopping@2x.png in Resources */,
				9E066EEE17E65EBF00524961 /* condo-selected@2x.png in Resources */,
				9EECBB8C17DD9FF200EA2E6A /* besthomefeature.png in Resources */,
				9E92962517D10D1700B3DC44 /* homeinfo.xib in Resources */,
				9EECBB7C17DD9ACF00EA2E6A /* condo.png in Resources */,
				9E108AAD17D0600F0071AAF4 /* monthlyexpenses.xib in Resources */,
				9EECBB9D17DDA55B00EA2E6A /* city@2x.png in Resources */,
				9EFF2A3E17CF2D55007F3D10 /* appname@2x.png in Resources */,
				9E9C805917DB02EB004D8669 /* back-icon@2x.png in Resources */,
				9E066EF017E65EBF00524961 /* sfh-homeinfo-selected@2x.png in Resources */,
				9E97F17C17DACC98006381AE /* menu@2x.png in Resources */,
				9E718D7717DE5E6800291228 /* dashboard-pfinfo.xib in Resources */,
				9E97F17B17DACC98006381AE /* menu.png in Resources */,
				9E718D7417DE5E1900291228 /* lifestyle-beach.png in Resources */,
				9E42213417D464F100F18A5C /* loaninfo.xib in Resources */,
				9ED884F117DE680A00EA0651 /* lifestyle-shopping.png in Resources */,
				9E9C804C17DAF932004D8669 /* savings@2X.png in Resources */,
				9EECBB9817DDA44800EA2E6A /* street.png in Resources */,
				9E108AA317D05CFF0071AAF4 /* help@2x.png in Resources */,
				9EECBB9117DDA16F00EA2E6A /* couple@2x.png in Resources */,
				9EE82E6417E65DE000ED7E93 /* couple-selected@2x.png in Resources */,
				9E718D7517DE5E1900291228 /* lifestyle-beach@2x.png in Resources */,
				9EECBB6D17DD968800EA2E6A /* rent@2x.png in Resources */,
				9EECBB7717DD997800EA2E6A /* sfh-homeinfo.png in Resources */,
				9E9C804817DAF894004D8669 /* salary@2X.png in Resources */,
				9E821DF017CFA778007DC9BE /* kcatintro-lifestyle.xib in Resources */,
				9EECBBA017DDA72A00EA2E6A /* downpayment.png in Resources */,
				9E718D6D17DE5CE400291228 /* sfh@2x.png in Resources */,
				9ED8850A17DE6D8700EA0651 /* surfing@2x.png in Resources */,
				9E718D6817DE5A4C00291228 /* couple-dashboard.png in Resources */,
				9EFF2A1317CF15CC007F3D10 /* kcatintro.xib in Resources */,
				9EECBB8117DD9B9500EA2E6A /* hoa@2x.png in Resources */,
				9EECBB7017DD971C00EA2E6A /* car.png in Resources */,
				9EFF29F217CF0B91007F3D10 /* Images.xcassets in Resources */,
				9E718D6517DE57A900291228 /* dashboard-noinfo.xib in Resources */,
				9E108AAA17D05FA40071AAF4 /* dashboard.png in Resources */,
				9E9C805817DB02EB004D8669 /* back-icon.png in Resources */,
				9EFF2A3A17CF29E4007F3D10 /* kcatintro-tax.xib in Resources */,
				9E92963717D2F4B400B3DC44 /* location@2x.png in Resources */,
				9EECBBA417DDA7F800EA2E6A /* interestrate.png in Resources */,
				9EECBB9017DDA16F00EA2E6A /* couple.png in Resources */,
				9EECBBA917DDA87800EA2E6A /* loantime@2x.png in Resources */,
				9ED884ED17DE67A500EA0651 /* lifestyle-sports.png in Resources */,
				9E108AA217D05CFF0071AAF4 /* help.png in Resources */,
				9EFF2A3D17CF2D55007F3D10 /* appname.png in Resources */,
				9EECBB6C17DD968800EA2E6A /* rent.png in Resources */,
				9ED884EE17DE67A500EA0651 /* lifestyle-sports@2x.png in Resources */,
				9E066EEF17E65EBF00524961 /* sfh-homeinfo-selected.png in Resources */,
				9E066EED17E65EBF00524961 /* condo-selected.png in Resources */,
				9E718D7117DE5D9B00291228 /* compare@2x.png in Resources */,
				9EECBBA117DDA72A00EA2E6A /* downpayment@2x.png in Resources */,
				9ED8850517DE6AD800EA0651 /* lifestyle-food.png in Resources */,
				9EECBB7917DD9A1C00EA2E6A /* sfh-homeinfo@2x.png in Resources */,
				9E821DF217CFA822007DC9BE /* kcatintro-rvb.xib in Resources */,
				9EECBB8917DD9C7600EA2E6A /* homeprice@2x.png in Resources */,
				9E92963617D2F4B400B3DC44 /* location.png in Resources */,
				9E9C804B17DAF932004D8669 /* savings.png in Resources */,
				9E9C803B17DAF41C004D8669 /* children.png in Resources */,
				9E718D6917DE5A4C00291228 /* couple-dashboard@2x.png in Resources */,
				9E821DF417CFAA92007DC9BE /* aboutyou.xib in Resources */,
				9ED884F917DE690500EA0651 /* lifestyle-music.png in Resources */,
				9E9C805417DB02DF004D8669 /* forward-icon.png in Resources */,
				9ED8850617DE6AD800EA0651 /* lifestyle-food@2x.png in Resources */,
				9EECBB9517DDA1BB00EA2E6A /* single@2x.png in Resources */,
				9E8F7FA017D8FEEC007C174A /* kcat-intro@2x.png in Resources */,
				9E718D7017DE5D9B00291228 /* compare.png in Resources */,
				9E9C803C17DAF41C004D8669 /* children@2x.png in Resources */,
				9EFF2A1117CF118B007F3D10 /* signin.xib in Resources */,
				9E108AAB17D05FA40071AAF4 /* dashboard@2x.png in Resources */,
				9EECBB7517DD977500EA2E6A /* otherexpenses@2x.png in Resources */,
				9EECBB8017DD9B9500EA2E6A /* hoa.png in Resources */,
				9EECBB7D17DD9ACF00EA2E6A /* condo@2x.png in Resources */,
				9EECBB8817DD9C7600EA2E6A /* homeprice.png in Resources */,
				9ED8850917DE6D8700EA0651 /* surfing.png in Resources */,
				9EECBB9417DDA1BB00EA2E6A /* single.png in Resources */,
				9EECBB7117DD971C00EA2E6A /* car@2x.png in Resources */,
				9EE82E6517E65DE000ED7E93 /* single-selected.png in Resources */,
				9E718D6C17DE5CE400291228 /* sfh.png in Resources */,
			);
			runOnlyForDeploymentPostprocessing = 0;
		};
		9EFF29F517CF0B91007F3D10 /* Resources */ = {
			isa = PBXResourcesBuildPhase;
			buildActionMask = 2147483647;
			files = (
				9EFF2A0317CF0B91007F3D10 /* InfoPlist.strings in Resources */,
			);
			runOnlyForDeploymentPostprocessing = 0;
		};
/* End PBXResourcesBuildPhase section */

/* Begin PBXSourcesBuildPhase section */
		9EFF29D817CF0B91007F3D10 /* Sources */ = {
			isa = PBXSourcesBuildPhase;
			buildActionMask = 2147483647;
			files = (
				9EFF29F017CF0B91007F3D10 /* AppDelegate.m in Sources */,
				9EFF29EC17CF0B91007F3D10 /* main.m in Sources */,
				9E9C804F17DAFBDA004D8669 /* aboutyou.m in Sources */,
			);
			runOnlyForDeploymentPostprocessing = 0;
		};
		9EFF29F317CF0B91007F3D10 /* Sources */ = {
			isa = PBXSourcesBuildPhase;
			buildActionMask = 2147483647;
			files = (
				9EFF2A0517CF0B91007F3D10 /* kcatTests.m in Sources */,
			);
			runOnlyForDeploymentPostprocessing = 0;
		};
/* End PBXSourcesBuildPhase section */

/* Begin PBXTargetDependency section */
		9EFF29FD17CF0B91007F3D10 /* PBXTargetDependency */ = {
			isa = PBXTargetDependency;
			target = 9EFF29DB17CF0B91007F3D10 /* kcat */;
			targetProxy = 9EFF29FC17CF0B91007F3D10 /* PBXContainerItemProxy */;
		};
/* End PBXTargetDependency section */

/* Begin PBXVariantGroup section */
		9EFF29E817CF0B91007F3D10 /* InfoPlist.strings */ = {
			isa = PBXVariantGroup;
			children = (
				9EFF29E917CF0B91007F3D10 /* en */,
			);
			name = InfoPlist.strings;
			sourceTree = "<group>";
		};
		9EFF2A0117CF0B91007F3D10 /* InfoPlist.strings */ = {
			isa = PBXVariantGroup;
			children = (
				9EFF2A0217CF0B91007F3D10 /* en */,
			);
			name = InfoPlist.strings;
			sourceTree = "<group>";
		};
/* End PBXVariantGroup section */

/* Begin XCBuildConfiguration section */
		9EFF2A0617CF0B91007F3D10 /* Debug */ = {
			isa = XCBuildConfiguration;
			buildSettings = {
				ALWAYS_SEARCH_USER_PATHS = NO;
				CLANG_CXX_LANGUAGE_STANDARD = "gnu++0x";
				CLANG_CXX_LIBRARY = "libc++";
				CLANG_ENABLE_MODULES = YES;
				CLANG_ENABLE_OBJC_ARC = YES;
				CLANG_WARN_BOOL_CONVERSION = YES;
				CLANG_WARN_CONSTANT_CONVERSION = YES;
				CLANG_WARN_DIRECT_OBJC_ISA_USAGE = YES_ERROR;
				CLANG_WARN_EMPTY_BODY = YES;
				CLANG_WARN_ENUM_CONVERSION = YES;
				CLANG_WARN_INT_CONVERSION = YES;
				CLANG_WARN_OBJC_ROOT_CLASS = YES_ERROR;
				CLANG_WARN__DUPLICATE_METHOD_MATCH = YES;
				"CODE_SIGN_IDENTITY[sdk=iphoneos*]" = "iPhone Developer";
				COPY_PHASE_STRIP = NO;
				GCC_C_LANGUAGE_STANDARD = gnu99;
				GCC_DYNAMIC_NO_PIC = NO;
				GCC_OPTIMIZATION_LEVEL = 0;
				GCC_PREPROCESSOR_DEFINITIONS = (
					"DEBUG=1",
					"$(inherited)",
				);
				GCC_SYMBOLS_PRIVATE_EXTERN = NO;
				GCC_WARN_ABOUT_RETURN_TYPE = YES_ERROR;
				GCC_WARN_UNDECLARED_SELECTOR = YES;
				GCC_WARN_UNINITIALIZED_AUTOS = YES;
				GCC_WARN_UNUSED_FUNCTION = YES;
				GCC_WARN_UNUSED_VARIABLE = YES;
				IPHONEOS_DEPLOYMENT_TARGET = 7.0;
				ONLY_ACTIVE_ARCH = YES;
				SDKROOT = iphoneos;
			};
			name = Debug;
		};
		9EFF2A0717CF0B91007F3D10 /* Release */ = {
			isa = XCBuildConfiguration;
			buildSettings = {
				ALWAYS_SEARCH_USER_PATHS = NO;
				CLANG_CXX_LANGUAGE_STANDARD = "gnu++0x";
				CLANG_CXX_LIBRARY = "libc++";
				CLANG_ENABLE_MODULES = YES;
				CLANG_ENABLE_OBJC_ARC = YES;
				CLANG_WARN_BOOL_CONVERSION = YES;
				CLANG_WARN_CONSTANT_CONVERSION = YES;
				CLANG_WARN_DIRECT_OBJC_ISA_USAGE = YES_ERROR;
				CLANG_WARN_EMPTY_BODY = YES;
				CLANG_WARN_ENUM_CONVERSION = YES;
				CLANG_WARN_INT_CONVERSION = YES;
				CLANG_WARN_OBJC_ROOT_CLASS = YES_ERROR;
				CLANG_WARN__DUPLICATE_METHOD_MATCH = YES;
				"CODE_SIGN_IDENTITY[sdk=iphoneos*]" = "iPhone Developer";
				COPY_PHASE_STRIP = YES;
				ENABLE_NS_ASSERTIONS = NO;
				GCC_C_LANGUAGE_STANDARD = gnu99;
				GCC_WARN_ABOUT_RETURN_TYPE = YES_ERROR;
				GCC_WARN_UNDECLARED_SELECTOR = YES;
				GCC_WARN_UNINITIALIZED_AUTOS = YES;
				GCC_WARN_UNUSED_FUNCTION = YES;
				GCC_WARN_UNUSED_VARIABLE = YES;
				IPHONEOS_DEPLOYMENT_TARGET = 7.0;
				SDKROOT = iphoneos;
				VALIDATE_PRODUCT = YES;
			};
			name = Release;
		};
		9EFF2A0917CF0B91007F3D10 /* Debug */ = {
			isa = XCBuildConfiguration;
			buildSettings = {
				ASSETCATALOG_COMPILER_APPICON_NAME = AppIcon;
				ASSETCATALOG_COMPILER_LAUNCHIMAGE_NAME = LaunchImage;
				GCC_PRECOMPILE_PREFIX_HEADER = YES;
				GCC_PREFIX_HEADER = "kcat/kcat-Prefix.pch";
				INFOPLIST_FILE = "kcat/kcat-Info.plist";
				PRODUCT_NAME = "$(TARGET_NAME)";
				WRAPPER_EXTENSION = app;
			};
			name = Debug;
		};
		9EFF2A0A17CF0B91007F3D10 /* Release */ = {
			isa = XCBuildConfiguration;
			buildSettings = {
				ASSETCATALOG_COMPILER_APPICON_NAME = AppIcon;
				ASSETCATALOG_COMPILER_LAUNCHIMAGE_NAME = LaunchImage;
				GCC_PRECOMPILE_PREFIX_HEADER = YES;
				GCC_PREFIX_HEADER = "kcat/kcat-Prefix.pch";
				INFOPLIST_FILE = "kcat/kcat-Info.plist";
				PRODUCT_NAME = "$(TARGET_NAME)";
				WRAPPER_EXTENSION = app;
			};
			name = Release;
		};
		9EFF2A0C17CF0B91007F3D10 /* Debug */ = {
			isa = XCBuildConfiguration;
			buildSettings = {
				BUNDLE_LOADER = "$(BUILT_PRODUCTS_DIR)/kcat.app/kcat";
				FRAMEWORK_SEARCH_PATHS = (
					"$(SDKROOT)/Developer/Library/Frameworks",
					"$(inherited)",
					"$(DEVELOPER_FRAMEWORKS_DIR)",
				);
				GCC_PRECOMPILE_PREFIX_HEADER = YES;
				GCC_PREFIX_HEADER = "kcat/kcat-Prefix.pch";
				GCC_PREPROCESSOR_DEFINITIONS = (
					"DEBUG=1",
					"$(inherited)",
				);
				INFOPLIST_FILE = "kcatTests/kcatTests-Info.plist";
				PRODUCT_NAME = "$(TARGET_NAME)";
				TEST_HOST = "$(BUNDLE_LOADER)";
				WRAPPER_EXTENSION = xctest;
			};
			name = Debug;
		};
		9EFF2A0D17CF0B91007F3D10 /* Release */ = {
			isa = XCBuildConfiguration;
			buildSettings = {
				BUNDLE_LOADER = "$(BUILT_PRODUCTS_DIR)/kcat.app/kcat";
				FRAMEWORK_SEARCH_PATHS = (
					"$(SDKROOT)/Developer/Library/Frameworks",
					"$(inherited)",
					"$(DEVELOPER_FRAMEWORKS_DIR)",
				);
				GCC_PRECOMPILE_PREFIX_HEADER = YES;
				GCC_PREFIX_HEADER = "kcat/kcat-Prefix.pch";
				INFOPLIST_FILE = "kcatTests/kcatTests-Info.plist";
				PRODUCT_NAME = "$(TARGET_NAME)";
				TEST_HOST = "$(BUNDLE_LOADER)";
				WRAPPER_EXTENSION = xctest;
			};
			name = Release;
		};
/* End XCBuildConfiguration section */

/* Begin XCConfigurationList section */
		9EFF29D717CF0B91007F3D10 /* Build configuration list for PBXProject "kcat" */ = {
			isa = XCConfigurationList;
			buildConfigurations = (
				9EFF2A0617CF0B91007F3D10 /* Debug */,
				9EFF2A0717CF0B91007F3D10 /* Release */,
			);
			defaultConfigurationIsVisible = 0;
			defaultConfigurationName = Release;
		};
		9EFF2A0817CF0B91007F3D10 /* Build configuration list for PBXNativeTarget "kcat" */ = {
			isa = XCConfigurationList;
			buildConfigurations = (
				9EFF2A0917CF0B91007F3D10 /* Debug */,
				9EFF2A0A17CF0B91007F3D10 /* Release */,
			);
			defaultConfigurationIsVisible = 0;
			defaultConfigurationName = Release;
		};
		9EFF2A0B17CF0B91007F3D10 /* Build configuration list for PBXNativeTarget "kcatTests" */ = {
			isa = XCConfigurationList;
			buildConfigurations = (
				9EFF2A0C17CF0B91007F3D10 /* Debug */,
				9EFF2A0D17CF0B91007F3D10 /* Release */,
			);
			defaultConfigurationIsVisible = 0;
			defaultConfigurationName = Release;
		};
/* End XCConfigurationList section */
	};
	rootObject = 9EFF29D417CF0B91007F3D10 /* Project object */;
}
